
Microsoft Visual Studio Solution File, Format Version 12.00
# Visual Studio Version 16
VisualStudioVersion = 16.0.31205.134
MinimumVisualStudioVersion = 10.0.40219.1
Project("{FAE04EC0-301F-11D3-BF4B-00C04F79EFBC}") = "Chap-16-studio-part2", "Chap-16-studio-part2\Chap-16-studio-part2.csproj", "{2C5AF0B9-E061-43D4-B732-3DFF00C01AA5}"
EndProject
Global
	GlobalSection(SolutionConfigurationPlatforms) = preSolution
		Debug|Any CPU = Debug|Any CPU
		Release|Any CPU = Release|Any CPU
	EndGlobalSection
	GlobalSection(ProjectConfigurationPlatforms) = postSolution
		{2C5AF0B9-E061-43D4-B732-3DFF00C01AA5}.Debug|Any CPU.ActiveCfg = Debug|Any CPU
		{2C5AF0B9-E061-43D4-B732-3DFF00C01AA5}.Debug|Any CPU.Build.0 = Debug|Any CPU
		{2C5AF0B9-E061-43D4-B732-3DFF00C01AA5}.Release|Any CPU.ActiveCfg = Release|Any CPU
		{2C5AF0B9-E061-43D4-B732-3DFF00C01AA5}.Release|Any CPU.Build.0 = Release|Any CPU
	EndGlobalSection
	GlobalSection(SolutionProperties) = preSolution
		HideSolutionNode = FALSE
	EndGlobalSection
	GlobalSection(ExtensibilityGlobals) = postSolution
		SolutionGuid = {7EECBB3F-1CDE-4A15-8861-6B22334769B4}
	EndGlobalSection
EndGlobal
